// !$*UTF8*$!
{
	archiveVersion = 1;
	classes = {
	};
	objectVersion = 46;
	objects = {

/* Begin PBXBuildFile section */
		2EDFBF28E33D73E8B102497A /* Pods_FlicksTests.framework in Frameworks */ = {isa = PBXBuildFile; fileRef = 9F91AFBF994AE6D2B2891A4B /* Pods_FlicksTests.framework */; };
		3B8CD83C1E497BBC00399613 /* AppDelegate.swift in Sources */ = {isa = PBXBuildFile; fileRef = 3B8CD83B1E497BBC00399613 /* AppDelegate.swift */; };
		3B8CD8411E497BBC00399613 /* Main.storyboard in Resources */ = {isa = PBXBuildFile; fileRef = 3B8CD83F1E497BBC00399613 /* Main.storyboard */; };
		3B8CD8431E497BBC00399613 /* Assets.xcassets in Resources */ = {isa = PBXBuildFile; fileRef = 3B8CD8421E497BBC00399613 /* Assets.xcassets */; };
		3B8CD8461E497BBC00399613 /* LaunchScreen.storyboard in Resources */ = {isa = PBXBuildFile; fileRef = 3B8CD8441E497BBC00399613 /* LaunchScreen.storyboard */; };
		3B8CD8511E497BBC00399613 /* FlicksTests.swift in Sources */ = {isa = PBXBuildFile; fileRef = 3B8CD8501E497BBC00399613 /* FlicksTests.swift */; };
		3B8CD85C1E497BBC00399613 /* FlicksUITests.swift in Sources */ = {isa = PBXBuildFile; fileRef = 3B8CD85B1E497BBC00399613 /* FlicksUITests.swift */; };
		3B8CD86A1E497BDC00399613 /* MoviesViewController.swift in Sources */ = {isa = PBXBuildFile; fileRef = 3B8CD8691E497BDC00399613 /* MoviesViewController.swift */; };
		3B8CD86C1E497EF900399613 /* MovieDetailsViewController.swift in Sources */ = {isa = PBXBuildFile; fileRef = 3B8CD86B1E497EF900399613 /* MovieDetailsViewController.swift */; };
		3B8CD86E1E49803800399613 /* MovieCell.swift in Sources */ = {isa = PBXBuildFile; fileRef = 3B8CD86D1E49803800399613 /* MovieCell.swift */; };
		6272ED87C4E91BE5BAD3F743 /* Pods_Flicks.framework in Frameworks */ = {isa = PBXBuildFile; fileRef = AC8492853133D1AF101DA770 /* Pods_Flicks.framework */; };
		775B2EAB2BCE8AFF5328ED56 /* Pods_FlicksUITests.framework in Frameworks */ = {isa = PBXBuildFile; fileRef = 8760C92BC3F1C02B4ACBA165 /* Pods_FlicksUITests.framework */; };
/* End PBXBuildFile section */

/* Begin PBXContainerItemProxy section */
		3B8CD84D1E497BBC00399613 /* PBXContainerItemProxy */ = {
			isa = PBXContainerItemProxy;
			containerPortal = 3B8CD8301E497BBC00399613 /* Project object */;
			proxyType = 1;
			remoteGlobalIDString = 3B8CD8371E497BBC00399613;
			remoteInfo = Flicks;
		};
		3B8CD8581E497BBC00399613 /* PBXContainerItemProxy */ = {
			isa = PBXContainerItemProxy;
			containerPortal = 3B8CD8301E497BBC00399613 /* Project object */;
			proxyType = 1;
			remoteGlobalIDString = 3B8CD8371E497BBC00399613;
			remoteInfo = Flicks;
		};
/* End PBXContainerItemProxy section */

/* Begin PBXFileReference section */
		181ADCAD2AEFDC0DF1E5ACFF /* Pods-FlicksTests.debug.xcconfig */ = {isa = PBXFileReference; includeInIndex = 1; lastKnownFileType = text.xcconfig; name = "Pods-FlicksTests.debug.xcconfig"; path = "Pods/Target Support Files/Pods-FlicksTests/Pods-FlicksTests.debug.xcconfig"; sourceTree = "<group>"; };
		32AA17469D2DAFFD13E3DE5E /* Pods-Flicks.release.xcconfig */ = {isa = PBXFileReference; includeInIndex = 1; lastKnownFileType = text.xcconfig; name = "Pods-Flicks.release.xcconfig"; path = "Pods/Target Support Files/Pods-Flicks/Pods-Flicks.release.xcconfig"; sourceTree = "<group>"; };
		3B8CD8381E497BBC00399613 /* Flicks.app */ = {isa = PBXFileReference; explicitFileType = wrapper.application; includeInIndex = 0; path = Flicks.app; sourceTree = BUILT_PRODUCTS_DIR; };
		3B8CD83B1E497BBC00399613 /* AppDelegate.swift */ = {isa = PBXFileReference; lastKnownFileType = sourcecode.swift; path = AppDelegate.swift; sourceTree = "<group>"; };
		3B8CD8401E497BBC00399613 /* Base */ = {isa = PBXFileReference; lastKnownFileType = file.storyboard; name = Base; path = Base.lproj/Main.storyboard; sourceTree = "<group>"; };
		3B8CD8421E497BBC00399613 /* Assets.xcassets */ = {isa = PBXFileReference; lastKnownFileType = folder.assetcatalog; path = Assets.xcassets; sourceTree = "<group>"; };
		3B8CD8451E497BBC00399613 /* Base */ = {isa = PBXFileReference; lastKnownFileType = file.storyboard; name = Base; path = Base.lproj/LaunchScreen.storyboard; sourceTree = "<group>"; };
		3B8CD8471E497BBC00399613 /* Info.plist */ = {isa = PBXFileReference; lastKnownFileType = text.plist.xml; path = Info.plist; sourceTree = "<group>"; };
		3B8CD84C1E497BBC00399613 /* FlicksTests.xctest */ = {isa = PBXFileReference; explicitFileType = wrapper.cfbundle; includeInIndex = 0; path = FlicksTests.xctest; sourceTree = BUILT_PRODUCTS_DIR; };
		3B8CD8501E497BBC00399613 /* FlicksTests.swift */ = {isa = PBXFileReference; lastKnownFileType = sourcecode.swift; path = FlicksTests.swift; sourceTree = "<group>"; };
		3B8CD8521E497BBC00399613 /* Info.plist */ = {isa = PBXFileReference; lastKnownFileType = text.plist.xml; path = Info.plist; sourceTree = "<group>"; };
		3B8CD8571E497BBC00399613 /* FlicksUITests.xctest */ = {isa = PBXFileReference; explicitFileType = wrapper.cfbundle; includeInIndex = 0; path = FlicksUITests.xctest; sourceTree = BUILT_PRODUCTS_DIR; };
		3B8CD85B1E497BBC00399613 /* FlicksUITests.swift */ = {isa = PBXFileReference; lastKnownFileType = sourcecode.swift; path = FlicksUITests.swift; sourceTree = "<group>"; };
		3B8CD85D1E497BBC00399613 /* Info.plist */ = {isa = PBXFileReference; lastKnownFileType = text.plist.xml; path = Info.plist; sourceTree = "<group>"; };
		3B8CD8691E497BDC00399613 /* MoviesViewController.swift */ = {isa = PBXFileReference; fileEncoding = 4; lastKnownFileType = sourcecode.swift; path = MoviesViewController.swift; sourceTree = "<group>"; };
		3B8CD86B1E497EF900399613 /* MovieDetailsViewController.swift */ = {isa = PBXFileReference; fileEncoding = 4; lastKnownFileType = sourcecode.swift; path = MovieDetailsViewController.swift; sourceTree = "<group>"; };
		3B8CD86D1E49803800399613 /* MovieCell.swift */ = {isa = PBXFileReference; fileEncoding = 4; lastKnownFileType = sourcecode.swift; path = MovieCell.swift; sourceTree = "<group>"; };
		5239FD4D6DA91F491EFFCD58 /* Pods-FlicksUITests.release.xcconfig */ = {isa = PBXFileReference; includeInIndex = 1; lastKnownFileType = text.xcconfig; name = "Pods-FlicksUITests.release.xcconfig"; path = "Pods/Target Support Files/Pods-FlicksUITests/Pods-FlicksUITests.release.xcconfig"; sourceTree = "<group>"; };
		6293769B5FE37E1B5D5730A0 /* Pods-FlicksTests.release.xcconfig */ = {isa = PBXFileReference; includeInIndex = 1; lastKnownFileType = text.xcconfig; name = "Pods-FlicksTests.release.xcconfig"; path = "Pods/Target Support Files/Pods-FlicksTests/Pods-FlicksTests.release.xcconfig"; sourceTree = "<group>"; };
		7A52DA0143E10145FBD57DC8 /* Pods-FlicksUITests.debug.xcconfig */ = {isa = PBXFileReference; includeInIndex = 1; lastKnownFileType = text.xcconfig; name = "Pods-FlicksUITests.debug.xcconfig"; path = "Pods/Target Support Files/Pods-FlicksUITests/Pods-FlicksUITests.debug.xcconfig"; sourceTree = "<group>"; };
		8760C92BC3F1C02B4ACBA165 /* Pods_FlicksUITests.framework */ = {isa = PBXFileReference; explicitFileType = wrapper.framework; includeInIndex = 0; path = Pods_FlicksUITests.framework; sourceTree = BUILT_PRODUCTS_DIR; };
		9F91AFBF994AE6D2B2891A4B /* Pods_FlicksTests.framework */ = {isa = PBXFileReference; explicitFileType = wrapper.framework; includeInIndex = 0; path = Pods_FlicksTests.framework; sourceTree = BUILT_PRODUCTS_DIR; };
		AC8492853133D1AF101DA770 /* Pods_Flicks.framework */ = {isa = PBXFileReference; explicitFileType = wrapper.framework; includeInIndex = 0; path = Pods_Flicks.framework; sourceTree = BUILT_PRODUCTS_DIR; };
		EAE2A67A0073C8FD3D7C0000 /* Pods-Flicks.debug.xcconfig */ = {isa = PBXFileReference; includeInIndex = 1; lastKnownFileType = text.xcconfig; name = "Pods-Flicks.debug.xcconfig"; path = "Pods/Target Support Files/Pods-Flicks/Pods-Flicks.debug.xcconfig"; sourceTree = "<group>"; };
/* End PBXFileReference section */

/* Begin PBXFrameworksBuildPhase section */
		3B8CD8351E497BBC00399613 /* Frameworks */ = {
			isa = PBXFrameworksBuildPhase;
			buildActionMask = 2147483647;
			files = (
				6272ED87C4E91BE5BAD3F743 /* Pods_Flicks.framework in Frameworks */,
			);
			runOnlyForDeploymentPostprocessing = 0;
		};
		3B8CD8491E497BBC00399613 /* Frameworks */ = {
			isa = PBXFrameworksBuildPhase;
			buildActionMask = 2147483647;
			files = (
				2EDFBF28E33D73E8B102497A /* Pods_FlicksTests.framework in Frameworks */,
			);
			runOnlyForDeploymentPostprocessing = 0;
		};
		3B8CD8541E497BBC00399613 /* Frameworks */ = {
			isa = PBXFrameworksBuildPhase;
			buildActionMask = 2147483647;
			files = (
				775B2EAB2BCE8AFF5328ED56 /* Pods_FlicksUITests.framework in Frameworks */,
			);
			runOnlyForDeploymentPostprocessing = 0;
		};
/* End PBXFrameworksBuildPhase section */

/* Begin PBXGroup section */
		3B8CD82F1E497BBC00399613 = {
			isa = PBXGroup;
			children = (
				3B8CD83A1E497BBC00399613 /* Flicks */,
				3B8CD84F1E497BBC00399613 /* FlicksTests */,
				3B8CD85A1E497BBC00399613 /* FlicksUITests */,
				3B8CD8391E497BBC00399613 /* Products */,
				B97165F93C89875E31524E0A /* Pods */,
				FB01AC597F5ED7C88ACB0FC2 /* Frameworks */,
			);
			sourceTree = "<group>";
		};
		3B8CD8391E497BBC00399613 /* Products */ = {
			isa = PBXGroup;
			children = (
				3B8CD8381E497BBC00399613 /* Flicks.app */,
				3B8CD84C1E497BBC00399613 /* FlicksTests.xctest */,
				3B8CD8571E497BBC00399613 /* FlicksUITests.xctest */,
			);
			name = Products;
			sourceTree = "<group>";
		};
		3B8CD83A1E497BBC00399613 /* Flicks */ = {
			isa = PBXGroup;
			children = (
				3B8CD86D1E49803800399613 /* MovieCell.swift */,
				3B8CD83B1E497BBC00399613 /* AppDelegate.swift */,
				3B8CD83F1E497BBC00399613 /* Main.storyboard */,
				3B8CD8421E497BBC00399613 /* Assets.xcassets */,
				3B8CD8441E497BBC00399613 /* LaunchScreen.storyboard */,
				3B8CD8471E497BBC00399613 /* Info.plist */,
				3B8CD8691E497BDC00399613 /* MoviesViewController.swift */,
				3B8CD86B1E497EF900399613 /* MovieDetailsViewController.swift */,
			);
			path = Flicks;
			sourceTree = "<group>";
		};
		3B8CD84F1E497BBC00399613 /* FlicksTests */ = {
			isa = PBXGroup;
			children = (
				3B8CD8501E497BBC00399613 /* FlicksTests.swift */,
				3B8CD8521E497BBC00399613 /* Info.plist */,
			);
			path = FlicksTests;
			sourceTree = "<group>";
		};
		3B8CD85A1E497BBC00399613 /* FlicksUITests */ = {
			isa = PBXGroup;
			children = (
				3B8CD85B1E497BBC00399613 /* FlicksUITests.swift */,
				3B8CD85D1E497BBC00399613 /* Info.plist */,
			);
			path = FlicksUITests;
			sourceTree = "<group>";
		};
		B97165F93C89875E31524E0A /* Pods */ = {
			isa = PBXGroup;
			children = (
				EAE2A67A0073C8FD3D7C0000 /* Pods-Flicks.debug.xcconfig */,
				32AA17469D2DAFFD13E3DE5E /* Pods-Flicks.release.xcconfig */,
				181ADCAD2AEFDC0DF1E5ACFF /* Pods-FlicksTests.debug.xcconfig */,
				6293769B5FE37E1B5D5730A0 /* Pods-FlicksTests.release.xcconfig */,
				7A52DA0143E10145FBD57DC8 /* Pods-FlicksUITests.debug.xcconfig */,
				5239FD4D6DA91F491EFFCD58 /* Pods-FlicksUITests.release.xcconfig */,
			);
			name = Pods;
			sourceTree = "<group>";
		};
		FB01AC597F5ED7C88ACB0FC2 /* Frameworks */ = {
			isa = PBXGroup;
			children = (
				AC8492853133D1AF101DA770 /* Pods_Flicks.framework */,
				9F91AFBF994AE6D2B2891A4B /* Pods_FlicksTests.framework */,
				8760C92BC3F1C02B4ACBA165 /* Pods_FlicksUITests.framework */,
			);
			name = Frameworks;
			sourceTree = "<group>";
		};
/* End PBXGroup section */

/* Begin PBXNativeTarget section */
		3B8CD8371E497BBC00399613 /* Flicks */ = {
			isa = PBXNativeTarget;
			buildConfigurationList = 3B8CD8601E497BBC00399613 /* Build configuration list for PBXNativeTarget "Flicks" */;
			buildPhases = (
				A3429D4C82E29B0B1610906B /* [CP] Check Pods Manifest.lock */,
				3B8CD8341E497BBC00399613 /* Sources */,
				3B8CD8351E497BBC00399613 /* Frameworks */,
				3B8CD8361E497BBC00399613 /* Resources */,
				27DB23E0F29BEC6FB5F8E433 /* [CP] Embed Pods Frameworks */,
				3DD590BF103465A8C25ECFAE /* [CP] Copy Pods Resources */,
			);
			buildRules = (
			);
			dependencies = (
			);
			name = Flicks;
			productName = Flicks;
			productReference = 3B8CD8381E497BBC00399613 /* Flicks.app */;
			productType = "com.apple.product-type.application";
		};
		3B8CD84B1E497BBC00399613 /* FlicksTests */ = {
			isa = PBXNativeTarget;
			buildConfigurationList = 3B8CD8631E497BBC00399613 /* Build configuration list for PBXNativeTarget "FlicksTests" */;
			buildPhases = (
				CB05369A3F4B7900397A248D /* [CP] Check Pods Manifest.lock */,
				3B8CD8481E497BBC00399613 /* Sources */,
				3B8CD8491E497BBC00399613 /* Frameworks */,
				3B8CD84A1E497BBC00399613 /* Resources */,
				C56A40F5E9F9E6EC461F86B0 /* [CP] Embed Pods Frameworks */,
				372F90926DC5490076C9B2CE /* [CP] Copy Pods Resources */,
			);
			buildRules = (
			);
			dependencies = (
				3B8CD84E1E497BBC00399613 /* PBXTargetDependency */,
			);
			name = FlicksTests;
			productName = FlicksTests;
			productReference = 3B8CD84C1E497BBC00399613 /* FlicksTests.xctest */;
			productType = "com.apple.product-type.bundle.unit-test";
		};
		3B8CD8561E497BBC00399613 /* FlicksUITests */ = {
			isa = PBXNativeTarget;
			buildConfigurationList = 3B8CD8661E497BBC00399613 /* Build configuration list for PBXNativeTarget "FlicksUITests" */;
			buildPhases = (
				BE1AC8B735D605964B4517F6 /* [CP] Check Pods Manifest.lock */,
				3B8CD8531E497BBC00399613 /* Sources */,
				3B8CD8541E497BBC00399613 /* Frameworks */,
				3B8CD8551E497BBC00399613 /* Resources */,
				B8F0FC3C157FE621377111F5 /* [CP] Embed Pods Frameworks */,
				13BE1BAAA458A4CEA4C55E92 /* [CP] Copy Pods Resources */,
			);
			buildRules = (
			);
			dependencies = (
				3B8CD8591E497BBC00399613 /* PBXTargetDependency */,
			);
			name = FlicksUITests;
			productName = FlicksUITests;
			productReference = 3B8CD8571E497BBC00399613 /* FlicksUITests.xctest */;
			productType = "com.apple.product-type.bundle.ui-testing";
		};
/* End PBXNativeTarget section */

/* Begin PBXProject section */
		3B8CD8301E497BBC00399613 /* Project object */ = {
			isa = PBXProject;
			attributes = {
				LastSwiftUpdateCheck = 0820;
				LastUpgradeCheck = 0820;
				ORGANIZATIONNAME = "Abhijeet Chakrabarti";
				TargetAttributes = {
					3B8CD8371E497BBC00399613 = {
						CreatedOnToolsVersion = 8.2;
						ProvisioningStyle = Manual;
					};
					3B8CD84B1E497BBC00399613 = {
						CreatedOnToolsVersion = 8.2;
						DevelopmentTeam = BZJ87Y2489;
						ProvisioningStyle = Automatic;
						TestTargetID = 3B8CD8371E497BBC00399613;
					};
					3B8CD8561E497BBC00399613 = {
						CreatedOnToolsVersion = 8.2;
						DevelopmentTeam = BZJ87Y2489;
						ProvisioningStyle = Automatic;
						TestTargetID = 3B8CD8371E497BBC00399613;
					};
				};
			};
			buildConfigurationList = 3B8CD8331E497BBC00399613 /* Build configuration list for PBXProject "Flicks" */;
			compatibilityVersion = "Xcode 3.2";
			developmentRegion = English;
			hasScannedForEncodings = 0;
			knownRegions = (
				en,
				Base,
			);
			mainGroup = 3B8CD82F1E497BBC00399613;
			productRefGroup = 3B8CD8391E497BBC00399613 /* Products */;
			projectDirPath = "";
			projectRoot = "";
			targets = (
				3B8CD8371E497BBC00399613 /* Flicks */,
				3B8CD84B1E497BBC00399613 /* FlicksTests */,
				3B8CD8561E497BBC00399613 /* FlicksUITests */,
			);
		};
/* End PBXProject section */

/* Begin PBXResourcesBuildPhase section */
		3B8CD8361E497BBC00399613 /* Resources */ = {
			isa = PBXResourcesBuildPhase;
			buildActionMask = 2147483647;
			files = (
				3B8CD8461E497BBC00399613 /* LaunchScreen.storyboard in Resources */,
				3B8CD8431E497BBC00399613 /* Assets.xcassets in Resources */,
				3B8CD8411E497BBC00399613 /* Main.storyboard in Resources */,
			);
			runOnlyForDeploymentPostprocessing = 0;
		};
		3B8CD84A1E497BBC00399613 /* Resources */ = {
			isa = PBXResourcesBuildPhase;
			buildActionMask = 2147483647;
			files = (
			);
			runOnlyForDeploymentPostprocessing = 0;
		};
		3B8CD8551E497BBC00399613 /* Resources */ = {
			isa = PBXResourcesBuildPhase;
			buildActionMask = 2147483647;
			files = (
			);
			runOnlyForDeploymentPostprocessing = 0;
		};
/* End PBXResourcesBuildPhase section */

/* Begin PBXShellScriptBuildPhase section */
		13BE1BAAA458A4CEA4C55E92 /* [CP] Copy Pods Resources */ = {
			isa = PBXShellScriptBuildPhase;
			buildActionMask = 2147483647;
			files = (
			);
			inputPaths = (
			);
			name = "[CP] Copy Pods Resources";
			outputPaths = (
			);
			runOnlyForDeploymentPostprocessing = 0;
			shellPath = /bin/sh;
			shellScript = "\"${SRCROOT}/Pods/Target Support Files/Pods-FlicksUITests/Pods-FlicksUITests-resources.sh\"\n";
			showEnvVarsInLog = 0;
		};
		27DB23E0F29BEC6FB5F8E433 /* [CP] Embed Pods Frameworks */ = {
			isa = PBXShellScriptBuildPhase;
			buildActionMask = 2147483647;
			files = (
			);
			inputPaths = (
			);
			name = "[CP] Embed Pods Frameworks";
			outputPaths = (
			);
			runOnlyForDeploymentPostprocessing = 0;
			shellPath = /bin/sh;
			shellScript = "\"${SRCROOT}/Pods/Target Support Files/Pods-Flicks/Pods-Flicks-frameworks.sh\"\n";
			showEnvVarsInLog = 0;
		};
		372F90926DC5490076C9B2CE /* [CP] Copy Pods Resources */ = {
			isa = PBXShellScriptBuildPhase;
			buildActionMask = 2147483647;
			files = (
			);
			inputPaths = (
			);
			name = "[CP] Copy Pods Resources";
			outputPaths = (
			);
			runOnlyForDeploymentPostprocessing = 0;
			shellPath = /bin/sh;
			shellScript = "\"${SRCROOT}/Pods/Target Support Files/Pods-FlicksTests/Pods-FlicksTests-resources.sh\"\n";
			showEnvVarsInLog = 0;
		};
		3DD590BF103465A8C25ECFAE /* [CP] Copy Pods Resources */ = {
			isa = PBXShellScriptBuildPhase;
			buildActionMask = 2147483647;
			files = (
			);
			inputPaths = (
			);
			name = "[CP] Copy Pods Resources";
			outputPaths = (
			);
			runOnlyForDeploymentPostprocessing = 0;
			shellPath = /bin/sh;
			shellScript = "\"${SRCROOT}/Pods/Target Support Files/Pods-Flicks/Pods-Flicks-resources.sh\"\n";
			showEnvVarsInLog = 0;
		};
		A3429D4C82E29B0B1610906B /* [CP] Check Pods Manifest.lock */ = {
			isa = PBXShellScriptBuildPhase;
			buildActionMask = 2147483647;
			files = (
			);
			inputPaths = (
			);
			name = "[CP] Check Pods Manifest.lock";
			outputPaths = (
			);
			runOnlyForDeploymentPostprocessing = 0;
			shellPath = /bin/sh;
			shellScript = "diff \"${PODS_ROOT}/../Podfile.lock\" \"${PODS_ROOT}/Manifest.lock\" > /dev/null\nif [ $? != 0 ] ; then\n    # print error to STDERR\n    echo \"error: The sandbox is not in sync with the Podfile.lock. Run 'pod install' or update your CocoaPods installation.\" >&2\n    exit 1\nfi\n";
			showEnvVarsInLog = 0;
		};
		B8F0FC3C157FE621377111F5 /* [CP] Embed Pods Frameworks */ = {
			isa = PBXShellScriptBuildPhase;
			buildActionMask = 2147483647;
			files = (
			);
			inputPaths = (
			);
			name = "[CP] Embed Pods Frameworks";
			outputPaths = (
			);
			runOnlyForDeploymentPostprocessing = 0;
			shellPath = /bin/sh;
			shellScript = "\"${SRCROOT}/Pods/Target Support Files/Pods-FlicksUITests/Pods-FlicksUITests-frameworks.sh\"\n";
			showEnvVarsInLog = 0;
		};
		BE1AC8B735D605964B4517F6 /* [CP] Check Pods Manifest.lock */ = {
			isa = PBXShellScriptBuildPhase;
			buildActionMask = 2147483647;
			files = (
			);
			inputPaths = (
			);
			name = "[CP] Check Pods Manifest.lock";
			outputPaths = (
			);
			runOnlyForDeploymentPostprocessing = 0;
			shellPath = /bin/sh;
			shellScript = "diff \"${PODS_ROOT}/../Podfile.lock\" \"${PODS_ROOT}/Manifest.lock\" > /dev/null\nif [ $? != 0 ] ; then\n    # print error to STDERR\n    echo \"error: The sandbox is not in sync with the Podfile.lock. Run 'pod install' or update your CocoaPods installation.\" >&2\n    exit 1\nfi\n";
			showEnvVarsInLog = 0;
		};
		C56A40F5E9F9E6EC461F86B0 /* [CP] Embed Pods Frameworks */ = {
			isa = PBXShellScriptBuildPhase;
			buildActionMask = 2147483647;
			files = (
			);
			inputPaths = (
			);
			name = "[CP] Embed Pods Frameworks";
			outputPaths = (
			);
			runOnlyForDeploymentPostprocessing = 0;
			shellPath = /bin/sh;
			shellScript = "\"${SRCROOT}/Pods/Target Support Files/Pods-FlicksTests/Pods-FlicksTests-frameworks.sh\"\n";
			showEnvVarsInLog = 0;
		};
		CB05369A3F4B7900397A248D /* [CP] Check Pods Manifest.lock */ = {
			isa = PBXShellScriptBuildPhase;
			buildActionMask = 2147483647;
			files = (
			);
			inputPaths = (
			);
			name = "[CP] Check Pods Manifest.lock";
			outputPaths = (
			);
			runOnlyForDeploymentPostprocessing = 0;
			shellPath = /bin/sh;
			shellScript = "diff \"${PODS_ROOT}/../Podfile.lock\" \"${PODS_ROOT}/Manifest.lock\" > /dev/null\nif [ $? != 0 ] ; then\n    # print error to STDERR\n    echo \"error: The sandbox is not in sync with the Podfile.lock. Run 'pod install' or update your CocoaPods installation.\" >&2\n    exit 1\nfi\n";
			showEnvVarsInLog = 0;
		};
/* End PBXShellScriptBuildPhase section */

/* Begin PBXSourcesBuildPhase section */
		3B8CD8341E497BBC00399613 /* Sources */ = {
			isa = PBXSourcesBuildPhase;
			buildActionMask = 2147483647;
			files = (
				3B8CD86C1E497EF900399613 /* MovieDetailsViewController.swift in Sources */,
				3B8CD83C1E497BBC00399613 /* AppDelegate.swift in Sources */,
				3B8CD86E1E49803800399613 /* MovieCell.swift in Sources */,
				3B8CD86A1E497BDC00399613 /* MoviesViewController.swift in Sources */,
			);
			runOnlyForDeploymentPostprocessing = 0;
		};
		3B8CD8481E497BBC00399613 /* Sources */ = {
			isa = PBXSourcesBuildPhase;
			buildActionMask = 2147483647;
			files = (
				3B8CD8511E497BBC00399613 /* FlicksTests.swift in Sources */,
			);
			runOnlyForDeploymentPostprocessing = 0;
		};
		3B8CD8531E497BBC00399613 /* Sources */ = {
			isa = PBXSourcesBuildPhase;
			buildActionMask = 2147483647;
			files = (
				3B8CD85C1E497BBC00399613 /* FlicksUITests.swift in Sources */,
			);
			runOnlyForDeploymentPostprocessing = 0;
		};
/* End PBXSourcesBuildPhase section */

/* Begin PBXTargetDependency section */
		3B8CD84E1E497BBC00399613 /* PBXTargetDependency */ = {
			isa = PBXTargetDependency;
			target = 3B8CD8371E497BBC00399613 /* Flicks */;
			targetProxy = 3B8CD84D1E497BBC00399613 /* PBXContainerItemProxy */;
		};
		3B8CD8591E497BBC00399613 /* PBXTargetDependency */ = {
			isa = PBXTargetDependency;
			target = 3B8CD8371E497BBC00399613 /* Flicks */;
			targetProxy = 3B8CD8581E497BBC00399613 /* PBXContainerItemProxy */;
		};
/* End PBXTargetDependency section */

/* Begin PBXVariantGroup section */
		3B8CD83F1E497BBC00399613 /* Main.storyboard */ = {
			isa = PBXVariantGroup;
			children = (
				3B8CD8401E497BBC00399613 /* Base */,
			);
			name = Main.storyboard;
			sourceTree = "<group>";
		};
		3B8CD8441E497BBC00399613 /* LaunchScreen.storyboard */ = {
			isa = PBXVariantGroup;
			children = (
				3B8CD8451E497BBC00399613 /* Base */,
			);
			name = LaunchScreen.storyboard;
			sourceTree = "<group>";
		};
/* End PBXVariantGroup section */

/* Begin XCBuildConfiguration section */
		3B8CD85E1E497BBC00399613 /* Debug */ = {
			isa = XCBuildConfiguration;
			buildSettings = {
				ALWAYS_SEARCH_USER_PATHS = NO;
				CLANG_ANALYZER_NONNULL = YES;
				CLANG_CXX_LANGUAGE_STANDARD = "gnu++0x";
				CLANG_CXX_LIBRARY = "libc++";
				CLANG_ENABLE_MODULES = YES;
				CLANG_ENABLE_OBJC_ARC = YES;
				CLANG_WARN_BOOL_CONVERSION = YES;
				CLANG_WARN_CONSTANT_CONVERSION = YES;
				CLANG_WARN_DIRECT_OBJC_ISA_USAGE = YES_ERROR;
				CLANG_WARN_DOCUMENTATION_COMMENTS = YES;
				CLANG_WARN_EMPTY_BODY = YES;
				CLANG_WARN_ENUM_CONVERSION = YES;
				CLANG_WARN_INFINITE_RECURSION = YES;
				CLANG_WARN_INT_CONVERSION = YES;
				CLANG_WARN_OBJC_ROOT_CLASS = YES_ERROR;
				CLANG_WARN_SUSPICIOUS_MOVE = YES;
				CLANG_WARN_UNREACHABLE_CODE = YES;
				CLANG_WARN__DUPLICATE_METHOD_MATCH = YES;
				"CODE_SIGN_IDENTITY[sdk=iphoneos*]" = "iPhone Developer";
				COPY_PHASE_STRIP = NO;
				DEBUG_INFORMATION_FORMAT = dwarf;
				ENABLE_STRICT_OBJC_MSGSEND = YES;
				ENABLE_TESTABILITY = YES;
				GCC_C_LANGUAGE_STANDARD = gnu99;
				GCC_DYNAMIC_NO_PIC = NO;
				GCC_NO_COMMON_BLOCKS = YES;
				GCC_OPTIMIZATION_LEVEL = 0;
				GCC_PREPROCESSOR_DEFINITIONS = (
					"DEBUG=1",
					"$(inherited)",
				);
				GCC_WARN_64_TO_32_BIT_CONVERSION = YES;
				GCC_WARN_ABOUT_RETURN_TYPE = YES_ERROR;
				GCC_WARN_UNDECLARED_SELECTOR = YES;
				GCC_WARN_UNINITIALIZED_AUTOS = YES_AGGRESSIVE;
				GCC_WARN_UNUSED_FUNCTION = YES;
				GCC_WARN_UNUSED_VARIABLE = YES;
				IPHONEOS_DEPLOYMENT_TARGET = 10.2;
				MTL_ENABLE_DEBUG_INFO = YES;
				ONLY_ACTIVE_ARCH = YES;
				SDKROOT = iphoneos;
				SWIFT_ACTIVE_COMPILATION_CONDITIONS = DEBUG;
				SWIFT_OPTIMIZATION_LEVEL = "-Onone";
			};
			name = Debug;
		};
		3B8CD85F1E497BBC00399613 /* Release */ = {
			isa = XCBuildConfiguration;
			buildSettings = {
				ALWAYS_SEARCH_USER_PATHS = NO;
				CLANG_ANALYZER_NONNULL = YES;
				CLANG_CXX_LANGUAGE_STANDARD = "gnu++0x";
				CLANG_CXX_LIBRARY = "libc++";
				CLANG_ENABLE_MODULES = YES;
				CLANG_ENABLE_OBJC_ARC = YES;
				CLANG_WARN_BOOL_CONVERSION = YES;
				CLANG_WARN_CONSTANT_CONVERSION = YES;
				CLANG_WARN_DIRECT_OBJC_ISA_USAGE = YES_ERROR;
				CLANG_WARN_DOCUMENTATION_COMMENTS = YES;
				CLANG_WARN_EMPTY_BODY = YES;
				CLANG_WARN_ENUM_CONVERSION = YES;
				CLANG_WARN_INFINITE_RECURSION = YES;
				CLANG_WARN_INT_CONVERSION = YES;
				CLANG_WARN_OBJC_ROOT_CLASS = YES_ERROR;
				CLANG_WARN_SUSPICIOUS_MOVE = YES;
				CLANG_WARN_UNREACHABLE_CODE = YES;
				CLANG_WARN__DUPLICATE_METHOD_MATCH = YES;
				"CODE_SIGN_IDENTITY[sdk=iphoneos*]" = "iPhone Developer";
				COPY_PHASE_STRIP = NO;
				DEBUG_INFORMATION_FORMAT = "dwarf-with-dsym";
				ENABLE_NS_ASSERTIONS = NO;
				ENABLE_STRICT_OBJC_MSGSEND = YES;
				GCC_C_LANGUAGE_STANDARD = gnu99;
				GCC_NO_COMMON_BLOCKS = YES;
				GCC_WARN_64_TO_32_BIT_CONVERSION = YES;
				GCC_WARN_ABOUT_RETURN_TYPE = YES_ERROR;
				GCC_WARN_UNDECLARED_SELECTOR = YES;
				GCC_WARN_UNINITIALIZED_AUTOS = YES_AGGRESSIVE;
				GCC_WARN_UNUSED_FUNCTION = YES;
				GCC_WARN_UNUSED_VARIABLE = YES;
				IPHONEOS_DEPLOYMENT_TARGET = 10.2;
				MTL_ENABLE_DEBUG_INFO = NO;
				SDKROOT = iphoneos;
				SWIFT_OPTIMIZATION_LEVEL = "-Owholemodule";
				VALIDATE_PRODUCT = YES;
			};
			name = Release;
		};
		3B8CD8611E497BBC00399613 /* Debug */ = {
			isa = XCBuildConfiguration;
			baseConfigurationReference = EAE2A67A0073C8FD3D7C0000 /* Pods-Flicks.debug.xcconfig */;
			buildSettings = {
				ASSETCATALOG_COMPILER_APPICON_NAME = AppIcon;
				DEVELOPMENT_TEAM = "";
				INFOPLIST_FILE = Flicks/Info.plist;
				LD_RUNPATH_SEARCH_PATHS = "$(inherited) @executable_path/Frameworks";
				PRODUCT_BUNDLE_IDENTIFIER = Codepath.Flicks;
				PRODUCT_NAME = "$(TARGET_NAME)";
				SWIFT_VERSION = 3.0;
			};
			name = Debug;
		};
		3B8CD8621E497BBC00399613 /* Release */ = {
			isa = XCBuildConfiguration;
			baseConfigurationReference = 32AA17469D2DAFFD13E3DE5E /* Pods-Flicks.release.xcconfig */;
			buildSettings = {
				ASSETCATALOG_COMPILER_APPICON_NAME = AppIcon;
				DEVELOPMENT_TEAM = "";
				INFOPLIST_FILE = Flicks/Info.plist;
				LD_RUNPATH_SEARCH_PATHS = "$(inherited) @executable_path/Frameworks";
				PRODUCT_BUNDLE_IDENTIFIER = Codepath.Flicks;
				PRODUCT_NAME = "$(TARGET_NAME)";
				SWIFT_VERSION = 3.0;
			};
			name = Release;
		};
		3B8CD8641E497BBC00399613 /* Debug */ = {
			isa = XCBuildConfiguration;
			baseConfigurationReference = 181ADCAD2AEFDC0DF1E5ACFF /* Pods-FlicksTests.debug.xcconfig */;
			buildSettings = {
				ALWAYS_EMBED_SWIFT_STANDARD_LIBRARIES = YES;
				BUNDLE_LOADER = "$(TEST_HOST)";
				DEVELOPMENT_TEAM = BZJ87Y2489;
				INFOPLIST_FILE = FlicksTests/Info.plist;
				LD_RUNPATH_SEARCH_PATHS = "$(inherited) @executable_path/Frameworks @loader_path/Frameworks";
				PRODUCT_BUNDLE_IDENTIFIER = Codepath.FlicksTests;
				PRODUCT_NAME = "$(TARGET_NAME)";
				SWIFT_VERSION = 3.0;
				TEST_HOST = "$(BUILT_PRODUCTS_DIR)/Flicks.app/Flicks";
			};
			name = Debug;
		};
		3B8CD8651E497BBC00399613 /* Release */ = {
			isa = XCBuildConfiguration;
			baseConfigurationReference = 6293769B5FE37E1B5D5730A0 /* Pods-FlicksTests.release.xcconfig */;
			buildSettings = {
				ALWAYS_EMBED_SWIFT_STANDARD_LIBRARIES = YES;
				BUNDLE_LOADER = "$(TEST_HOST)";
				DEVELOPMENT_TEAM = BZJ87Y2489;
				INFOPLIST_FILE = FlicksTests/Info.plist;
				LD_RUNPATH_SEARCH_PATHS = "$(inherited) @executable_path/Frameworks @loader_path/Frameworks";
				PRODUCT_BUNDLE_IDENTIFIER = Codepath.FlicksTests;
				PRODUCT_NAME = "$(TARGET_NAME)";
				SWIFT_VERSION = 3.0;
				TEST_HOST = "$(BUILT_PRODUCTS_DIR)/Flicks.app/Flicks";
			};
			name = Release;
		};
		3B8CD8671E497BBC00399613 /* Debug */ = {
			isa = XCBuildConfiguration;
			baseConfigurationReference = 7A52DA0143E10145FBD57DC8 /* Pods-FlicksUITests.debug.xcconfig */;
			buildSettings = {
				ALWAYS_EMBED_SWIFT_STANDARD_LIBRARIES = YES;
				DEVELOPMENT_TEAM = BZJ87Y2489;
				INFOPLIST_FILE = FlicksUITests/Info.plist;
				LD_RUNPATH_SEARCH_PATHS = "$(inherited) @executable_path/Frameworks @loader_path/Frameworks";
				PRODUCT_BUNDLE_IDENTIFIER = Codepath.FlicksUITests;
				PRODUCT_NAME = "$(TARGET_NAME)";
				SWIFT_VERSION = 3.0;
				TEST_TARGET_NAME = Flicks;
			};
			name = Debug;
		};
		3B8CD8681E497BBC00399613 /* Release */ = {
			isa = XCBuildConfiguration;
			baseConfigurationReference = 5239FD4D6DA91F491EFFCD58 /* Pods-FlicksUITests.release.xcconfig */;
			buildSettings = {
				ALWAYS_EMBED_SWIFT_STANDARD_LIBRARIES = YES;
				DEVELOPMENT_TEAM = BZJ87Y2489;
				INFOPLIST_FILE = FlicksUITests/Info.plist;
				LD_RUNPATH_SEARCH_PATHS = "$(inherited) @executable_path/Frameworks @loader_path/Frameworks";
				PRODUCT_BUNDLE_IDENTIFIER = Codepath.FlicksUITests;
				PRODUCT_NAME = "$(TARGET_NAME)";
				SWIFT_VERSION = 3.0;
				TEST_TARGET_NAME = Flicks;
			};
			name = Release;
		};
/* End XCBuildConfiguration section */

/* Begin XCConfigurationList section */
		3B8CD8331E497BBC00399613 /* Build configuration list for PBXProject "Flicks" */ = {
			isa = XCConfigurationList;
			buildConfigurations = (
				3B8CD85E1E497BBC00399613 /* Debug */,
				3B8CD85F1E497BBC00399613 /* Release */,
			);
			defaultConfigurationIsVisible = 0;
			defaultConfigurationName = Release;
		};
		3B8CD8601E497BBC00399613 /* Build configuration list for PBXNativeTarget "Flicks" */ = {
			isa = XCConfigurationList;
			buildConfigurations = (
				3B8CD8611E497BBC00399613 /* Debug */,
				3B8CD8621E497BBC00399613 /* Release */,
			);
			defaultConfigurationIsVisible = 0;
			defaultConfigurationName = Release;
		};
		3B8CD8631E497BBC00399613 /* Build configuration list for PBXNativeTarget "FlicksTests" */ = {
			isa = XCConfigurationList;
			buildConfigurations = (
				3B8CD8641E497BBC00399613 /* Debug */,
				3B8CD8651E497BBC00399613 /* Release */,
			);
			defaultConfigurationIsVisible = 0;
			defaultConfigurationName = Release;
		};
		3B8CD8661E497BBC00399613 /* Build configuration list for PBXNativeTarget "FlicksUITests" */ = {
			isa = XCConfigurationList;
			buildConfigurations = (
				3B8CD8671E497BBC00399613 /* Debug */,
				3B8CD8681E497BBC00399613 /* Release */,
			);
			defaultConfigurationIsVisible = 0;
			defaultConfigurationName = Release;
		};
/* End XCConfigurationList section */
	};
	rootObject = 3B8CD8301E497BBC00399613 /* Project object */;
}
